// !$*UTF8*$!
{
	archiveVersion = 1;
	classes = {
	};
	objectVersion = 48;
	objects = {

/* Begin PBXBuildFile section */
		7E0C4F9B1FF7357D00778CED /* TileImageView.swift in Sources */ = {isa = PBXBuildFile; fileRef = 7E0C4F9A1FF7357D00778CED /* TileImageView.swift */; };
		7E0C4F9D1FF73CAB00778CED /* TileImageContentView.swift in Sources */ = {isa = PBXBuildFile; fileRef = 7E0C4F9C1FF73CAB00778CED /* TileImageContentView.swift */; };
		7E0C4F9F1FF73F5100778CED /* MyTileImageViewDataSource.swift in Sources */ = {isa = PBXBuildFile; fileRef = 7E0C4F9E1FF73F5100778CED /* MyTileImageViewDataSource.swift */; };
		7EC640801FFC994400B1D7F1 /* windingRoad.jpg in Resources */ = {isa = PBXBuildFile; fileRef = 7EC6407F1FFC994400B1D7F1 /* windingRoad.jpg */; };
		7EC640841FFCB2AB00B1D7F1 /* smallBench.jpg in Resources */ = {isa = PBXBuildFile; fileRef = 7EC640831FFCB2AB00B1D7F1 /* smallBench.jpg */; };
		7EE82A4E1FF8E61300901157 /* bench.jpg in Resources */ = {isa = PBXBuildFile; fileRef = 7EE82A4D1FF8E61300901157 /* bench.jpg */; };
		7EF71CDC1FF4C13D001C3EF2 /* AppDelegate.swift in Sources */ = {isa = PBXBuildFile; fileRef = 7EF71CDB1FF4C13D001C3EF2 /* AppDelegate.swift */; };
		7EF71CDE1FF4C13D001C3EF2 /* ViewController.swift in Sources */ = {isa = PBXBuildFile; fileRef = 7EF71CDD1FF4C13D001C3EF2 /* ViewController.swift */; };
		7EF71CE11FF4C13D001C3EF2 /* Main.storyboard in Resources */ = {isa = PBXBuildFile; fileRef = 7EF71CDF1FF4C13D001C3EF2 /* Main.storyboard */; };
		7EF71CE31FF4C13D001C3EF2 /* Assets.xcassets in Resources */ = {isa = PBXBuildFile; fileRef = 7EF71CE21FF4C13D001C3EF2 /* Assets.xcassets */; };
		7EF71CE61FF4C13D001C3EF2 /* LaunchScreen.storyboard in Resources */ = {isa = PBXBuildFile; fileRef = 7EF71CE41FF4C13D001C3EF2 /* LaunchScreen.storyboard */; };
		7EF71CEF1FF4C58B001C3EF2 /* TileImageScrollView.swift in Sources */ = {isa = PBXBuildFile; fileRef = 7EF71CEE1FF4C58B001C3EF2 /* TileImageScrollView.swift */; };
		7EF71CF11FF4C612001C3EF2 /* TileImageViewDataSource.swift in Sources */ = {isa = PBXBuildFile; fileRef = 7EF71CF01FF4C612001C3EF2 /* TileImageViewDataSource.swift */; };
/* End PBXBuildFile section */

/* Begin PBXFileReference section */
		7E0C4F9A1FF7357D00778CED /* TileImageView.swift */ = {isa = PBXFileReference; lastKnownFileType = sourcecode.swift; path = TileImageView.swift; sourceTree = "<group>"; };
		7E0C4F9C1FF73CAB00778CED /* TileImageContentView.swift */ = {isa = PBXFileReference; lastKnownFileType = sourcecode.swift; path = TileImageContentView.swift; sourceTree = "<group>"; };
		7E0C4F9E1FF73F5100778CED /* MyTileImageViewDataSource.swift */ = {isa = PBXFileReference; lastKnownFileType = sourcecode.swift; path = MyTileImageViewDataSource.swift; sourceTree = "<group>"; };
		7EC6407F1FFC994400B1D7F1 /* windingRoad.jpg */ = {isa = PBXFileReference; lastKnownFileType = image.jpeg; path = windingRoad.jpg; sourceTree = "<group>"; };
		7EC640831FFCB2AB00B1D7F1 /* smallBench.jpg */ = {isa = PBXFileReference; lastKnownFileType = image.jpeg; path = smallBench.jpg; sourceTree = "<group>"; };
		7EE82A4D1FF8E61300901157 /* bench.jpg */ = {isa = PBXFileReference; lastKnownFileType = image.jpeg; path = bench.jpg; sourceTree = "<group>"; };
		7EF71CD81FF4C13D001C3EF2 /* MyTileImageViewer.app */ = {isa = PBXFileReference; explicitFileType = wrapper.application; includeInIndex = 0; path = MyTileImageViewer.app; sourceTree = BUILT_PRODUCTS_DIR; };
		7EF71CDB1FF4C13D001C3EF2 /* AppDelegate.swift */ = {isa = PBXFileReference; lastKnownFileType = sourcecode.swift; path = AppDelegate.swift; sourceTree = "<group>"; };
		7EF71CDD1FF4C13D001C3EF2 /* ViewController.swift */ = {isa = PBXFileReference; lastKnownFileType = sourcecode.swift; path = ViewController.swift; sourceTree = "<group>"; };
		7EF71CE01FF4C13D001C3EF2 /* Base */ = {isa = PBXFileReference; lastKnownFileType = file.storyboard; name = Base; path = Base.lproj/Main.storyboard; sourceTree = "<group>"; };
		7EF71CE21FF4C13D001C3EF2 /* Assets.xcassets */ = {isa = PBXFileReference; lastKnownFileType = folder.assetcatalog; path = Assets.xcassets; sourceTree = "<group>"; };
		7EF71CE51FF4C13D001C3EF2 /* Base */ = {isa = PBXFileReference; lastKnownFileType = file.storyboard; name = Base; path = Base.lproj/LaunchScreen.storyboard; sourceTree = "<group>"; };
		7EF71CE71FF4C13D001C3EF2 /* Info.plist */ = {isa = PBXFileReference; lastKnownFileType = text.plist.xml; path = Info.plist; sourceTree = "<group>"; };
		7EF71CEE1FF4C58B001C3EF2 /* TileImageScrollView.swift */ = {isa = PBXFileReference; lastKnownFileType = sourcecode.swift; path = TileImageScrollView.swift; sourceTree = "<group>"; };
		7EF71CF01FF4C612001C3EF2 /* TileImageViewDataSource.swift */ = {isa = PBXFileReference; lastKnownFileType = sourcecode.swift; path = TileImageViewDataSource.swift; sourceTree = "<group>"; };
/* End PBXFileReference section */

/* Begin PBXFrameworksBuildPhase section */
		7EF71CD51FF4C13D001C3EF2 /* Frameworks */ = {
			isa = PBXFrameworksBuildPhase;
			buildActionMask = 2147483647;
			files = (
			);
			runOnlyForDeploymentPostprocessing = 0;
		};
/* End PBXFrameworksBuildPhase section */

/* Begin PBXGroup section */
		7E0C4F971FF730A100778CED /* Supporting Files */ = {
			isa = PBXGroup;
			children = (
				7EF71CDB1FF4C13D001C3EF2 /* AppDelegate.swift */,
				7EF71CE21FF4C13D001C3EF2 /* Assets.xcassets */,
				7EF71CE41FF4C13D001C3EF2 /* LaunchScreen.storyboard */,
			);
			path = "Supporting Files";
			sourceTree = "<group>";
		};
		7EF71CCF1FF4C13D001C3EF2 = {
			isa = PBXGroup;
			children = (
				7EF71CDA1FF4C13D001C3EF2 /* MyTileImageViewer */,
				7EF71CD91FF4C13D001C3EF2 /* Products */,
			);
			sourceTree = "<group>";
		};
		7EF71CD91FF4C13D001C3EF2 /* Products */ = {
			isa = PBXGroup;
			children = (
				7EF71CD81FF4C13D001C3EF2 /* MyTileImageViewer.app */,
			);
			name = Products;
			sourceTree = "<group>";
		};
		7EF71CDA1FF4C13D001C3EF2 /* MyTileImageViewer */ = {
			isa = PBXGroup;
			children = (
				7EC6407F1FFC994400B1D7F1 /* windingRoad.jpg */,
				7EE82A4D1FF8E61300901157 /* bench.jpg */,
				7EC640831FFCB2AB00B1D7F1 /* smallBench.jpg */,
				7E0C4F971FF730A100778CED /* Supporting Files */,
				7EF71CE71FF4C13D001C3EF2 /* Info.plist */,
				7EF71CF21FF4C90C001C3EF2 /* TileImageView */,
				7EF71CDD1FF4C13D001C3EF2 /* ViewController.swift */,
				7E0C4F9E1FF73F5100778CED /* MyTileImageViewDataSource.swift */,
				7EF71CDF1FF4C13D001C3EF2 /* Main.storyboard */,
			);
			path = MyTileImageViewer;
			sourceTree = "<group>";
		};
		7EF71CF21FF4C90C001C3EF2 /* TileImageView */ = {
			isa = PBXGroup;
			children = (
				7EF71CEE1FF4C58B001C3EF2 /* TileImageScrollView.swift */,
				7EF71CF01FF4C612001C3EF2 /* TileImageViewDataSource.swift */,
				7E0C4F9A1FF7357D00778CED /* TileImageView.swift */,
				7E0C4F9C1FF73CAB00778CED /* TileImageContentView.swift */,
			);
			path = TileImageView;
			sourceTree = "<group>";
		};
/* End PBXGroup section */

/* Begin PBXNativeTarget section */
		7EF71CD71FF4C13D001C3EF2 /* MyTileImageViewer */ = {
			isa = PBXNativeTarget;
			buildConfigurationList = 7EF71CEA1FF4C13D001C3EF2 /* Build configuration list for PBXNativeTarget "MyTileImageViewer" */;
			buildPhases = (
				7EF71CD41FF4C13D001C3EF2 /* Sources */,
				7EF71CD51FF4C13D001C3EF2 /* Frameworks */,
				7EF71CD61FF4C13D001C3EF2 /* Resources */,
				7E063CF51FF6258100347F57 /* ShellScript */,
			);
			buildRules = (
			);
			dependencies = (
			);
			name = MyTileImageViewer;
			productName = MyTileImageViewer;
			productReference = 7EF71CD81FF4C13D001C3EF2 /* MyTileImageViewer.app */;
			productType = "com.apple.product-type.application";
		};
/* End PBXNativeTarget section */

/* Begin PBXProject section */
		7EF71CD01FF4C13D001C3EF2 /* Project object */ = {
			isa = PBXProject;
			attributes = {
				LastSwiftUpdateCheck = 0920;
				LastUpgradeCheck = 0920;
				ORGANIZATIONNAME = "홍창남";
				TargetAttributes = {
					7EF71CD71FF4C13D001C3EF2 = {
						CreatedOnToolsVersion = 9.2;
						ProvisioningStyle = Automatic;
					};
				};
			};
			buildConfigurationList = 7EF71CD31FF4C13D001C3EF2 /* Build configuration list for PBXProject "MyTileImageViewer" */;
			compatibilityVersion = "Xcode 8.0";
			developmentRegion = en;
			hasScannedForEncodings = 0;
			knownRegions = (
				en,
				Base,
			);
			mainGroup = 7EF71CCF1FF4C13D001C3EF2;
			productRefGroup = 7EF71CD91FF4C13D001C3EF2 /* Products */;
			projectDirPath = "";
			projectRoot = "";
			targets = (
				7EF71CD71FF4C13D001C3EF2 /* MyTileImageViewer */,
			);
		};
/* End PBXProject section */

/* Begin PBXResourcesBuildPhase section */
		7EF71CD61FF4C13D001C3EF2 /* Resources */ = {
			isa = PBXResourcesBuildPhase;
			buildActionMask = 2147483647;
			files = (
				7EC640841FFCB2AB00B1D7F1 /* smallBench.jpg in Resources */,
				7EE82A4E1FF8E61300901157 /* bench.jpg in Resources */,
				7EF71CE61FF4C13D001C3EF2 /* LaunchScreen.storyboard in Resources */,
				7EF71CE31FF4C13D001C3EF2 /* Assets.xcassets in Resources */,
				7EC640801FFC994400B1D7F1 /* windingRoad.jpg in Resources */,
				7EF71CE11FF4C13D001C3EF2 /* Main.storyboard in Resources */,
			);
			runOnlyForDeploymentPostprocessing = 0;
		};
/* End PBXResourcesBuildPhase section */

/* Begin PBXShellScriptBuildPhase section */
		7E063CF51FF6258100347F57 /* ShellScript */ = {
			isa = PBXShellScriptBuildPhase;
			buildActionMask = 2147483647;
			files = (
			);
			inputPaths = (
			);
			outputPaths = (
			);
			runOnlyForDeploymentPostprocessing = 0;
			shellPath = /bin/sh;
			shellScript = "if which swiftlint >/dev/null; then\nswiftlint\nelse\necho \"warning: SwiftLint not installed, download from https://github.com/realm/SwiftLint\"\nfi";
		};
/* End PBXShellScriptBuildPhase section */

/* Begin PBXSourcesBuildPhase section */
		7EF71CD41FF4C13D001C3EF2 /* Sources */ = {
			isa = PBXSourcesBuildPhase;
			buildActionMask = 2147483647;
			files = (
				7EF71CF11FF4C612001C3EF2 /* TileImageViewDataSource.swift in Sources */,
				7E0C4F9F1FF73F5100778CED /* MyTileImageViewDataSource.swift in Sources */,
				7EF71CEF1FF4C58B001C3EF2 /* TileImageScrollView.swift in Sources */,
				7E0C4F9D1FF73CAB00778CED /* TileImageContentView.swift in Sources */,
				7EF71CDE1FF4C13D001C3EF2 /* ViewController.swift in Sources */,
				7E0C4F9B1FF7357D00778CED /* TileImageView.swift in Sources */,
				7EF71CDC1FF4C13D001C3EF2 /* AppDelegate.swift in Sources */,
			);
			runOnlyForDeploymentPostprocessing = 0;
		};
/* End PBXSourcesBuildPhase section */

/* Begin PBXVariantGroup section */
		7EF71CDF1FF4C13D001C3EF2 /* Main.storyboard */ = {
			isa = PBXVariantGroup;
			children = (
				7EF71CE01FF4C13D001C3EF2 /* Base */,
			);
			name = Main.storyboard;
			sourceTree = "<group>";
		};
		7EF71CE41FF4C13D001C3EF2 /* LaunchScreen.storyboard */ = {
			isa = PBXVariantGroup;
			children = (
				7EF71CE51FF4C13D001C3EF2 /* Base */,
			);
			name = LaunchScreen.storyboard;
			sourceTree = "<group>";
		};
/* End PBXVariantGroup section */

/* Begin XCBuildConfiguration section */
		7EF71CE81FF4C13D001C3EF2 /* Debug */ = {
			isa = XCBuildConfiguration;
			buildSettings = {
				ALWAYS_SEARCH_USER_PATHS = NO;
				CLANG_ANALYZER_NONNULL = YES;
				CLANG_ANALYZER_NUMBER_OBJECT_CONVERSION = YES_AGGRESSIVE;
				CLANG_CXX_LANGUAGE_STANDARD = "gnu++14";
				CLANG_CXX_LIBRARY = "libc++";
				CLANG_ENABLE_MODULES = YES;
				CLANG_ENABLE_OBJC_ARC = YES;
				CLANG_WARN_BLOCK_CAPTURE_AUTORELEASING = YES;
				CLANG_WARN_BOOL_CONVERSION = YES;
				CLANG_WARN_COMMA = YES;
				CLANG_WARN_CONSTANT_CONVERSION = YES;
				CLANG_WARN_DIRECT_OBJC_ISA_USAGE = YES_ERROR;
				CLANG_WARN_DOCUMENTATION_COMMENTS = YES;
				CLANG_WARN_EMPTY_BODY = YES;
				CLANG_WARN_ENUM_CONVERSION = YES;
				CLANG_WARN_INFINITE_RECURSION = YES;
				CLANG_WARN_INT_CONVERSION = YES;
				CLANG_WARN_NON_LITERAL_NULL_CONVERSION = YES;
				CLANG_WARN_OBJC_LITERAL_CONVERSION = YES;
				CLANG_WARN_OBJC_ROOT_CLASS = YES_ERROR;
				CLANG_WARN_RANGE_LOOP_ANALYSIS = YES;
				CLANG_WARN_STRICT_PROTOTYPES = YES;
				CLANG_WARN_SUSPICIOUS_MOVE = YES;
				CLANG_WARN_UNGUARDED_AVAILABILITY = YES_AGGRESSIVE;
				CLANG_WARN_UNREACHABLE_CODE = YES;
				CLANG_WARN__DUPLICATE_METHOD_MATCH = YES;
				CODE_SIGN_IDENTITY = "iPhone Developer";
				COPY_PHASE_STRIP = NO;
				DEBUG_INFORMATION_FORMAT = dwarf;
				ENABLE_STRICT_OBJC_MSGSEND = YES;
				ENABLE_TESTABILITY = YES;
				GCC_C_LANGUAGE_STANDARD = gnu11;
				GCC_DYNAMIC_NO_PIC = NO;
				GCC_NO_COMMON_BLOCKS = YES;
				GCC_OPTIMIZATION_LEVEL = 0;
				GCC_PREPROCESSOR_DEFINITIONS = (
					"DEBUG=1",
					"$(inherited)",
				);
				GCC_WARN_64_TO_32_BIT_CONVERSION = YES;
				GCC_WARN_ABOUT_RETURN_TYPE = YES_ERROR;
				GCC_WARN_UNDECLARED_SELECTOR = YES;
				GCC_WARN_UNINITIALIZED_AUTOS = YES_AGGRESSIVE;
				GCC_WARN_UNUSED_FUNCTION = YES;
				GCC_WARN_UNUSED_VARIABLE = YES;
				IPHONEOS_DEPLOYMENT_TARGET = 11.2;
				MTL_ENABLE_DEBUG_INFO = YES;
				ONLY_ACTIVE_ARCH = YES;
				SDKROOT = iphoneos;
				SWIFT_ACTIVE_COMPILATION_CONDITIONS = DEBUG;
				SWIFT_OPTIMIZATION_LEVEL = "-Onone";
			};
			name = Debug;
		};
		7EF71CE91FF4C13D001C3EF2 /* Release */ = {
			isa = XCBuildConfiguration;
			buildSettings = {
				ALWAYS_SEARCH_USER_PATHS = NO;
				CLANG_ANALYZER_NONNULL = YES;
				CLANG_ANALYZER_NUMBER_OBJECT_CONVERSION = YES_AGGRESSIVE;
				CLANG_CXX_LANGUAGE_STANDARD = "gnu++14";
				CLANG_CXX_LIBRARY = "libc++";
				CLANG_ENABLE_MODULES = YES;
				CLANG_ENABLE_OBJC_ARC = YES;
				CLANG_WARN_BLOCK_CAPTURE_AUTORELEASING = YES;
				CLANG_WARN_BOOL_CONVERSION = YES;
				CLANG_WARN_COMMA = YES;
				CLANG_WARN_CONSTANT_CONVERSION = YES;
				CLANG_WARN_DIRECT_OBJC_ISA_USAGE = YES_ERROR;
				CLANG_WARN_DOCUMENTATION_COMMENTS = YES;
				CLANG_WARN_EMPTY_BODY = YES;
				CLANG_WARN_ENUM_CONVERSION = YES;
				CLANG_WARN_INFINITE_RECURSION = YES;
				CLANG_WARN_INT_CONVERSION = YES;
				CLANG_WARN_NON_LITERAL_NULL_CONVERSION = YES;
				CLANG_WARN_OBJC_LITERAL_CONVERSION = YES;
				CLANG_WARN_OBJC_ROOT_CLASS = YES_ERROR;
				CLANG_WARN_RANGE_LOOP_ANALYSIS = YES;
				CLANG_WARN_STRICT_PROTOTYPES = YES;
				CLANG_WARN_SUSPICIOUS_MOVE = YES;
				CLANG_WARN_UNGUARDED_AVAILABILITY = YES_AGGRESSIVE;
				CLANG_WARN_UNREACHABLE_CODE = YES;
				CLANG_WARN__DUPLICATE_METHOD_MATCH = YES;
				CODE_SIGN_IDENTITY = "iPhone Developer";
				COPY_PHASE_STRIP = NO;
				DEBUG_INFORMATION_FORMAT = "dwarf-with-dsym";
				ENABLE_NS_ASSERTIONS = NO;
				ENABLE_STRICT_OBJC_MSGSEND = YES;
				GCC_C_LANGUAGE_STANDARD = gnu11;
				GCC_NO_COMMON_BLOCKS = YES;
				GCC_WARN_64_TO_32_BIT_CONVERSION = YES;
				GCC_WARN_ABOUT_RETURN_TYPE = YES_ERROR;
				GCC_WARN_UNDECLARED_SELECTOR = YES;
				GCC_WARN_UNINITIALIZED_AUTOS = YES_AGGRESSIVE;
				GCC_WARN_UNUSED_FUNCTION = YES;
				GCC_WARN_UNUSED_VARIABLE = YES;
				IPHONEOS_DEPLOYMENT_TARGET = 11.2;
				MTL_ENABLE_DEBUG_INFO = NO;
				SDKROOT = iphoneos;
				SWIFT_OPTIMIZATION_LEVEL = "-Owholemodule";
				VALIDATE_PRODUCT = YES;
			};
			name = Release;
		};
		7EF71CEB1FF4C13D001C3EF2 /* Debug */ = {
			isa = XCBuildConfiguration;
			buildSettings = {
				ASSETCATALOG_COMPILER_APPICON_NAME = AppIcon;
				CODE_SIGN_STYLE = Automatic;
				DEVELOPMENT_TEAM = W6XUQ3PPN9;
				INFOPLIST_FILE = MyTileImageViewer/Info.plist;
				LD_RUNPATH_SEARCH_PATHS = "$(inherited) @executable_path/Frameworks";
				PRODUCT_BUNDLE_IDENTIFIER = com.hcn1519.MyTileImageViewer;
				PRODUCT_NAME = "$(TARGET_NAME)";
				SWIFT_VERSION = 4.0;
				TARGETED_DEVICE_FAMILY = "1,2";
			};
			name = Debug;
		};
		7EF71CEC1FF4C13D001C3EF2 /* Release */ = {
			isa = XCBuildConfiguration;
			buildSettings = {
				ASSETCATALOG_COMPILER_APPICON_NAME = AppIcon;
				CODE_SIGN_STYLE = Automatic;
				DEVELOPMENT_TEAM = W6XUQ3PPN9;
				INFOPLIST_FILE = MyTileImageViewer/Info.plist;
				LD_RUNPATH_SEARCH_PATHS = "$(inherited) @executable_path/Frameworks";
				PRODUCT_BUNDLE_IDENTIFIER = com.hcn1519.MyTileImageViewer;
				PRODUCT_NAME = "$(TARGET_NAME)";
				SWIFT_VERSION = 4.0;
				TARGETED_DEVICE_FAMILY = "1,2";
			};
			name = Release;
		};
/* End XCBuildConfiguration section */

/* Begin XCConfigurationList section */
		7EF71CD31FF4C13D001C3EF2 /* Build configuration list for PBXProject "MyTileImageViewer" */ = {
			isa = XCConfigurationList;
			buildConfigurations = (
				7EF71CE81FF4C13D001C3EF2 /* Debug */,
				7EF71CE91FF4C13D001C3EF2 /* Release */,
			);
			defaultConfigurationIsVisible = 0;
			defaultConfigurationName = Release;
		};
		7EF71CEA1FF4C13D001C3EF2 /* Build configuration list for PBXNativeTarget "MyTileImageViewer" */ = {
			isa = XCConfigurationList;
			buildConfigurations = (
				7EF71CEB1FF4C13D001C3EF2 /* Debug */,
				7EF71CEC1FF4C13D001C3EF2 /* Release */,
			);
			defaultConfigurationIsVisible = 0;
			defaultConfigurationName = Release;
		};
/* End XCConfigurationList section */
	};
	rootObject = 7EF71CD01FF4C13D001C3EF2 /* Project object */;
}
